// !$*UTF8*$!
{
	archiveVersion = 1;
	classes = {
	};
	objectVersion = 50;
	objects = {

/* Begin PBXBuildFile section */
		E528DB6E26AD302C003707A5 /* main.c in Sources */ = {isa = PBXBuildFile; fileRef = E528DB6D26AD302C003707A5 /* main.c */; };
		E528DB7A26AD32C2003707A5 /* CheckError.c in Sources */ = {isa = PBXBuildFile; fileRef = E528DB7926AD32C2003707A5 /* CheckError.c */; };
		E528DB8026AD36EA003707A5 /* StopAudioOutputUnit.c in Sources */ = {isa = PBXBuildFile; fileRef = E528DB7F26AD36EA003707A5 /* StopAudioOutputUnit.c */; };
		E528DB8526ADB03D003707A5 /* FindAudioComponent.c in Sources */ = {isa = PBXBuildFile; fileRef = E528DB8426ADB03D003707A5 /* FindAudioComponent.c */; };
/* End PBXBuildFile section */

/* Begin PBXCopyFilesBuildPhase section */
		E528DB6826AD302C003707A5 /* CopyFiles */ = {
			isa = PBXCopyFilesBuildPhase;
			buildActionMask = 2147483647;
			dstPath = /usr/share/man/man1/;
			dstSubfolderSpec = 0;
			files = (
			);
			runOnlyForDeploymentPostprocessing = 1;
		};
/* End PBXCopyFilesBuildPhase section */

/* Begin PBXFileReference section */
		E528DB6A26AD302C003707A5 /* SimpleSineWavePlayer */ = {isa = PBXFileReference; explicitFileType = "compiled.mach-o.executable"; includeInIndex = 0; path = SimpleSineWavePlayer; sourceTree = BUILT_PRODUCTS_DIR; };
		E528DB6D26AD302C003707A5 /* main.c */ = {isa = PBXFileReference; lastKnownFileType = sourcecode.c.c; path = main.c; sourceTree = "<group>"; };
		E528DB7526AD30DA003707A5 /* CallBackData.h */ = {isa = PBXFileReference; lastKnownFileType = sourcecode.c.h; path = CallBackData.h; sourceTree = "<group>"; };
		E528DB7826AD3257003707A5 /* CheckError.h */ = {isa = PBXFileReference; lastKnownFileType = sourcecode.c.h; path = CheckError.h; sourceTree = "<group>"; };
		E528DB7926AD32C2003707A5 /* CheckError.c */ = {isa = PBXFileReference; lastKnownFileType = sourcecode.c.c; path = CheckError.c; sourceTree = "<group>"; };
		E528DB7E26AD36EA003707A5 /* StopAudioOutputUnit.h */ = {isa = PBXFileReference; lastKnownFileType = sourcecode.c.h; path = StopAudioOutputUnit.h; sourceTree = "<group>"; };
		E528DB7F26AD36EA003707A5 /* StopAudioOutputUnit.c */ = {isa = PBXFileReference; lastKnownFileType = sourcecode.c.c; path = StopAudioOutputUnit.c; sourceTree = "<group>"; };
		E528DB8326ADB03D003707A5 /* FindAudioComponent.h */ = {isa = PBXFileReference; lastKnownFileType = sourcecode.c.h; path = FindAudioComponent.h; sourceTree = "<group>"; };
		E528DB8426ADB03D003707A5 /* FindAudioComponent.c */ = {isa = PBXFileReference; lastKnownFileType = sourcecode.c.c; path = FindAudioComponent.c; sourceTree = "<group>"; };
/* End PBXFileReference section */

/* Begin PBXFrameworksBuildPhase section */
		E528DB6726AD302C003707A5 /* Frameworks */ = {
			isa = PBXFrameworksBuildPhase;
			buildActionMask = 2147483647;
			files = (
			);
			runOnlyForDeploymentPostprocessing = 0;
		};
/* End PBXFrameworksBuildPhase section */

/* Begin PBXGroup section */
		E528DB6126AD302B003707A5 = {
			isa = PBXGroup;
			children = (
				E528DB6C26AD302C003707A5 /* SimpleSineWavePlayer */,
				E528DB6B26AD302C003707A5 /* Products */,
			);
			sourceTree = "<group>";
		};
		E528DB6B26AD302C003707A5 /* Products */ = {
			isa = PBXGroup;
			children = (
				E528DB6A26AD302C003707A5 /* SimpleSineWavePlayer */,
			);
			name = Products;
			sourceTree = "<group>";
		};
		E528DB6C26AD302C003707A5 /* SimpleSineWavePlayer */ = {
			isa = PBXGroup;
			children = (
				E528DB7D26AD36C0003707A5 /* AudioUtils */,
				E528DB7726AD323B003707A5 /* Utils */,
				E528DB6D26AD302C003707A5 /* main.c */,
				E528DB7526AD30DA003707A5 /* CallBackData.h */,
			);
			path = SimpleSineWavePlayer;
			sourceTree = "<group>";
		};
		E528DB7726AD323B003707A5 /* Utils */ = {
			isa = PBXGroup;
			children = (
				E528DB7826AD3257003707A5 /* CheckError.h */,
				E528DB7926AD32C2003707A5 /* CheckError.c */,
			);
			path = Utils;
			sourceTree = "<group>";
		};
		E528DB7D26AD36C0003707A5 /* AudioUtils */ = {
			isa = PBXGroup;
			children = (
				E528DB7E26AD36EA003707A5 /* StopAudioOutputUnit.h */,
				E528DB7F26AD36EA003707A5 /* StopAudioOutputUnit.c */,
				E528DB8326ADB03D003707A5 /* FindAudioComponent.h */,
				E528DB8426ADB03D003707A5 /* FindAudioComponent.c */,
			);
			path = AudioUtils;
			sourceTree = "<group>";
		};
/* End PBXGroup section */

/* Begin PBXNativeTarget section */
		E528DB6926AD302C003707A5 /* SimpleSineWavePlayer */ = {
			isa = PBXNativeTarget;
			buildConfigurationList = E528DB7126AD302C003707A5 /* Build configuration list for PBXNativeTarget "SimpleSineWavePlayer" */;
			buildPhases = (
				E528DB6626AD302C003707A5 /* Sources */,
				E528DB6726AD302C003707A5 /* Frameworks */,
				E528DB6826AD302C003707A5 /* CopyFiles */,
			);
			buildRules = (
			);
			dependencies = (
			);
			name = SimpleSineWavePlayer;
			productName = SimpleSineWavePlayer;
			productReference = E528DB6A26AD302C003707A5 /* SimpleSineWavePlayer */;
			productType = "com.apple.product-type.tool";
		};
/* End PBXNativeTarget section */

/* Begin PBXProject section */
		E528DB6226AD302C003707A5 /* Project object */ = {
			isa = PBXProject;
			attributes = {
				LastUpgradeCheck = 1240;
				TargetAttributes = {
					E528DB6926AD302C003707A5 = {
						CreatedOnToolsVersion = 12.4;
					};
				};
			};
			buildConfigurationList = E528DB6526AD302C003707A5 /* Build configuration list for PBXProject "SimpleSineWavePlayer" */;
			compatibilityVersion = "Xcode 9.3";
			developmentRegion = en;
			hasScannedForEncodings = 0;
			knownRegions = (
				en,
				Base,
			);
			mainGroup = E528DB6126AD302B003707A5;
			productRefGroup = E528DB6B26AD302C003707A5 /* Products */;
			projectDirPath = "";
			projectRoot = "";
			targets = (
				E528DB6926AD302C003707A5 /* SimpleSineWavePlayer */,
			);
		};
/* End PBXProject section */

/* Begin PBXSourcesBuildPhase section */
		E528DB6626AD302C003707A5 /* Sources */ = {
			isa = PBXSourcesBuildPhase;
			buildActionMask = 2147483647;
			files = (
				E528DB6E26AD302C003707A5 /* main.c in Sources */,
				E528DB7A26AD32C2003707A5 /* CheckError.c in Sources */,
				E528DB8026AD36EA003707A5 /* StopAudioOutputUnit.c in Sources */,
				E528DB8526ADB03D003707A5 /* FindAudioComponent.c in Sources */,
			);
			runOnlyForDeploymentPostprocessing = 0;
		};
/* End PBXSourcesBuildPhase section */

/* Begin XCBuildConfiguration section */
		E528DB6F26AD302C003707A5 /* Debug */ = {
			isa = XCBuildConfiguration;
			buildSettings = {
				ALWAYS_SEARCH_USER_PATHS = NO;
				CLANG_ANALYZER_NONNULL = YES;
				CLANG_ANALYZER_NUMBER_OBJECT_CONVERSION = YES_AGGRESSIVE;
				CLANG_CXX_LANGUAGE_STANDARD = "gnu++14";
				CLANG_CXX_LIBRARY = "libc++";
				CLANG_ENABLE_MODULES = YES;
				CLANG_ENABLE_OBJC_ARC = YES;
				CLANG_ENABLE_OBJC_WEAK = YES;
				CLANG_WARN_BLOCK_CAPTURE_AUTORELEASING = YES;
				CLANG_WARN_BOOL_CONVERSION = YES;
				CLANG_WARN_COMMA = YES;
				CLANG_WARN_CONSTANT_CONVERSION = YES;
				CLANG_WARN_DEPRECATED_OBJC_IMPLEMENTATIONS = YES;
				CLANG_WARN_DIRECT_OBJC_ISA_USAGE = YES_ERROR;
				CLANG_WARN_DOCUMENTATION_COMMENTS = YES;
				CLANG_WARN_EMPTY_BODY = YES;
				CLANG_WARN_ENUM_CONVERSION = YES;
				CLANG_WARN_INFINITE_RECURSION = YES;
				CLANG_WARN_INT_CONVERSION = YES;
				CLANG_WARN_NON_LITERAL_NULL_CONVERSION = YES;
				CLANG_WARN_OBJC_IMPLICIT_RETAIN_SELF = YES;
				CLANG_WARN_OBJC_LITERAL_CONVERSION = YES;
				CLANG_WARN_OBJC_ROOT_CLASS = YES_ERROR;
				CLANG_WARN_QUOTED_INCLUDE_IN_FRAMEWORK_HEADER = YES;
				CLANG_WARN_RANGE_LOOP_ANALYSIS = YES;
				CLANG_WARN_STRICT_PROTOTYPES = YES;
				CLANG_WARN_SUSPICIOUS_MOVE = YES;
				CLANG_WARN_UNGUARDED_AVAILABILITY = YES_AGGRESSIVE;
				CLANG_WARN_UNREACHABLE_CODE = YES;
				CLANG_WARN__DUPLICATE_METHOD_MATCH = YES;
				COPY_PHASE_STRIP = NO;
				DEBUG_INFORMATION_FORMAT = dwarf;
				ENABLE_STRICT_OBJC_MSGSEND = YES;
				ENABLE_TESTABILITY = YES;
				GCC_C_LANGUAGE_STANDARD = gnu11;
				GCC_DYNAMIC_NO_PIC = NO;
				GCC_NO_COMMON_BLOCKS = YES;
				GCC_OPTIMIZATION_LEVEL = 0;
				GCC_PREPROCESSOR_DEFINITIONS = (
					"DEBUG=1",
					"$(inherited)",
				);
				GCC_WARN_64_TO_32_BIT_CONVERSION = YES;
				GCC_WARN_ABOUT_RETURN_TYPE = YES_ERROR;
				GCC_WARN_UNDECLARED_SELECTOR = YES;
				GCC_WARN_UNINITIALIZED_AUTOS = YES_AGGRESSIVE;
				GCC_WARN_UNUSED_FUNCTION = YES;
				GCC_WARN_UNUSED_VARIABLE = YES;
				MACOSX_DEPLOYMENT_TARGET = 10.15;
				MTL_ENABLE_DEBUG_INFO = INCLUDE_SOURCE;
				MTL_FAST_MATH = YES;
				ONLY_ACTIVE_ARCH = YES;
				SDKROOT = macosx;
			};
			name = Debug;
		};
		E528DB7026AD302C003707A5 /* Release */ = {
			isa = XCBuildConfiguration;
			buildSettings = {
				ALWAYS_SEARCH_USER_PATHS = NO;
				CLANG_ANALYZER_NONNULL = YES;
				CLANG_ANALYZER_NUMBER_OBJECT_CONVERSION = YES_AGGRESSIVE;
				CLANG_CXX_LANGUAGE_STANDARD = "gnu++14";
				CLANG_CXX_LIBRARY = "libc++";
				CLANG_ENABLE_MODULES = YES;
				CLANG_ENABLE_OBJC_ARC = YES;
				CLANG_ENABLE_OBJC_WEAK = YES;
				CLANG_WARN_BLOCK_CAPTURE_AUTORELEASING = YES;
				CLANG_WARN_BOOL_CONVERSION = YES;
				CLANG_WARN_COMMA = YES;
				CLANG_WARN_CONSTANT_CONVERSION = YES;
				CLANG_WARN_DEPRECATED_OBJC_IMPLEMENTATIONS = YES;
				CLANG_WARN_DIRECT_OBJC_ISA_USAGE = YES_ERROR;
				CLANG_WARN_DOCUMENTATION_COMMENTS = YES;
				CLANG_WARN_EMPTY_BODY = YES;
				CLANG_WARN_ENUM_CONVERSION = YES;
				CLANG_WARN_INFINITE_RECURSION = YES;
				CLANG_WARN_INT_CONVERSION = YES;
				CLANG_WARN_NON_LITERAL_NULL_CONVERSION = YES;
				CLANG_WARN_OBJC_IMPLICIT_RETAIN_SELF = YES;
				CLANG_WARN_OBJC_LITERAL_CONVERSION = YES;
				CLANG_WARN_OBJC_ROOT_CLASS = YES_ERROR;
				CLANG_WARN_QUOTED_INCLUDE_IN_FRAMEWORK_HEADER = YES;
				CLANG_WARN_RANGE_LOOP_ANALYSIS = YES;
				CLANG_WARN_STRICT_PROTOTYPES = YES;
				CLANG_WARN_SUSPICIOUS_MOVE = YES;
				CLANG_WARN_UNGUARDED_AVAILABILITY = YES_AGGRESSIVE;
				CLANG_WARN_UNREACHABLE_CODE = YES;
				CLANG_WARN__DUPLICATE_METHOD_MATCH = YES;
				COPY_PHASE_STRIP = NO;
				DEBUG_INFORMATION_FORMAT = "dwarf-with-dsym";
				ENABLE_NS_ASSERTIONS = NO;
				ENABLE_STRICT_OBJC_MSGSEND = YES;
				GCC_C_LANGUAGE_STANDARD = gnu11;
				GCC_NO_COMMON_BLOCKS = YES;
				GCC_WARN_64_TO_32_BIT_CONVERSION = YES;
				GCC_WARN_ABOUT_RETURN_TYPE = YES_ERROR;
				GCC_WARN_UNDECLARED_SELECTOR = YES;
				GCC_WARN_UNINITIALIZED_AUTOS = YES_AGGRESSIVE;
				GCC_WARN_UNUSED_FUNCTION = YES;
				GCC_WARN_UNUSED_VARIABLE = YES;
				MACOSX_DEPLOYMENT_TARGET = 10.15;
				MTL_ENABLE_DEBUG_INFO = NO;
				MTL_FAST_MATH = YES;
				SDKROOT = macosx;
			};
			name = Release;
		};
		E528DB7226AD302C003707A5 /* Debug */ = {
			isa = XCBuildConfiguration;
			buildSettings = {
				CODE_SIGN_STYLE = Automatic;
				DEVELOPMENT_TEAM = 6EA52N78QZ;
				ENABLE_HARDENED_RUNTIME = YES;
				PRODUCT_NAME = "$(TARGET_NAME)";
			};
			name = Debug;
		};
		E528DB7326AD302C003707A5 /* Release */ = {
			isa = XCBuildConfiguration;
			buildSettings = {
				CODE_SIGN_STYLE = Automatic;
				DEVELOPMENT_TEAM = 6EA52N78QZ;
				ENABLE_HARDENED_RUNTIME = YES;
				PRODUCT_NAME = "$(TARGET_NAME)";
			};
			name = Release;
		};
/* End XCBuildConfiguration section */

/* Begin XCConfigurationList section */
		E528DB6526AD302C003707A5 /* Build configuration list for PBXProject "SimpleSineWavePlayer" */ = {
			isa = XCConfigurationList;
			buildConfigurations = (
				E528DB6F26AD302C003707A5 /* Debug */,
				E528DB7026AD302C003707A5 /* Release */,
			);
			defaultConfigurationIsVisible = 0;
			defaultConfigurationName = Release;
		};
		E528DB7126AD302C003707A5 /* Build configuration list for PBXNativeTarget "SimpleSineWavePlayer" */ = {
			isa = XCConfigurationList;
			buildConfigurations = (
				E528DB7226AD302C003707A5 /* Debug */,
				E528DB7326AD302C003707A5 /* Release */,
			);
			defaultConfigurationIsVisible = 0;
			defaultConfigurationName = Release;
		};
/* End XCConfigurationList section */
	};
	rootObject = E528DB6226AD302C003707A5 /* Project object */;
}
